
Microsoft Visual Studio Solution File, Format Version 12.00
Project("{FAE04EC0-301F-11D3-BF4B-00C04F79EFBC}") = "LogLib", "LogLib\LogLib.csproj", "{9C7818BE-40A4-4CFD-B2D3-F4E51AF62218}"
EndProject
Project("{FAE04EC0-301F-11D3-BF4B-00C04F79EFBC}") = "ServerTest", "ServerTest\ServerTest.csproj", "{65980B37-2BFE-4DF6-8E62-8A6D5B3B5024}"
EndProject
Project("{FAE04EC0-301F-11D3-BF4B-00C04F79EFBC}") = "LATTimer", "LATTimer\LATTimer.csproj", "{C5CD7D91-455F-4894-844C-5B64D41F2993}"
EndProject
Project("{FAE04EC0-301F-11D3-BF4B-00C04F79EFBC}") = "LATMath", "LATMath\LATMath.csproj", "{5EC62466-242C-4F36-A2D1-7147DB93F1E3}"
EndProject
Project("{FAE04EC0-301F-11D3-BF4B-00C04F79EFBC}") = "LATPhysics", "LATPhysics\LATPhysics.csproj", "{3DE43C28-EB03-441A-A01F-ED75A35BADC1}"
EndProject
Project("{FAE04EC0-301F-11D3-BF4B-00C04F79EFBC}") = "LATNet", "LATNet\LATNet.csproj", "{088F2E72-8409-450E-B163-884FA252EFD4}"
EndProject
Project("{FAE04EC0-301F-11D3-BF4B-00C04F79EFBC}") = "KCPTest", "KCPTest\KCPTest.csproj", "{FBF7DB30-884A-4BF3-AC0C-96B667BD1A48}"
EndProject
Project("{FAE04EC0-301F-11D3-BF4B-00C04F79EFBC}") = "KCPExampleProtocol", "KCPExampleProtocol\KCPExampleProtocol.csproj", "{04E1A671-6085-4D83-847A-12631DB4AB93}"
EndProject
Project("{FAE04EC0-301F-11D3-BF4B-00C04F79EFBC}") = "KCPServerTest", "KCPServerTest\KCPServerTest.csproj", "{08097FE8-EFF9-4B53-93B4-34246C92928B}"
EndProject
Project("{FAE04EC0-301F-11D3-BF4B-00C04F79EFBC}") = "Udp_Client", "Udp_Client\Udp_Client.csproj", "{895E1BB2-C148-4263-865D-DF3A2AD73A6D}"
EndProject
Project("{FAE04EC0-301F-11D3-BF4B-00C04F79EFBC}") = "Udp_Server", "Udp_Server\Udp_Server.csproj", "{63CF6279-4C77-43D3-8886-B505196F9CCE}"
EndProject
Project("{FAE04EC0-301F-11D3-BF4B-00C04F79EFBC}") = "LatNetProtobuffer", "LatNetProtobuffer\LatNetProtobuffer.csproj", "{A31F455F-B02E-4F84-82E2-B460B980A3F7}"
EndProject
Global
	GlobalSection(SolutionConfigurationPlatforms) = preSolution
		Debug|Any CPU = Debug|Any CPU
		Release|Any CPU = Release|Any CPU
	EndGlobalSection
	GlobalSection(ProjectConfigurationPlatforms) = postSolution
		{9C7818BE-40A4-4CFD-B2D3-F4E51AF62218}.Debug|Any CPU.ActiveCfg = Debug|Any CPU
		{9C7818BE-40A4-4CFD-B2D3-F4E51AF62218}.Debug|Any CPU.Build.0 = Debug|Any CPU
		{9C7818BE-40A4-4CFD-B2D3-F4E51AF62218}.Release|Any CPU.ActiveCfg = Release|Any CPU
		{9C7818BE-40A4-4CFD-B2D3-F4E51AF62218}.Release|Any CPU.Build.0 = Release|Any CPU
		{65980B37-2BFE-4DF6-8E62-8A6D5B3B5024}.Debug|Any CPU.ActiveCfg = Debug|Any CPU
		{65980B37-2BFE-4DF6-8E62-8A6D5B3B5024}.Debug|Any CPU.Build.0 = Debug|Any CPU
		{65980B37-2BFE-4DF6-8E62-8A6D5B3B5024}.Release|Any CPU.ActiveCfg = Release|Any CPU
		{65980B37-2BFE-4DF6-8E62-8A6D5B3B5024}.Release|Any CPU.Build.0 = Release|Any CPU
		{C5CD7D91-455F-4894-844C-5B64D41F2993}.Debug|Any CPU.ActiveCfg = Debug|Any CPU
		{C5CD7D91-455F-4894-844C-5B64D41F2993}.Debug|Any CPU.Build.0 = Debug|Any CPU
		{C5CD7D91-455F-4894-844C-5B64D41F2993}.Release|Any CPU.ActiveCfg = Release|Any CPU
		{C5CD7D91-455F-4894-844C-5B64D41F2993}.Release|Any CPU.Build.0 = Release|Any CPU
		{5EC62466-242C-4F36-A2D1-7147DB93F1E3}.Debug|Any CPU.ActiveCfg = Debug|Any CPU
		{5EC62466-242C-4F36-A2D1-7147DB93F1E3}.Debug|Any CPU.Build.0 = Debug|Any CPU
		{5EC62466-242C-4F36-A2D1-7147DB93F1E3}.Release|Any CPU.ActiveCfg = Release|Any CPU
		{5EC62466-242C-4F36-A2D1-7147DB93F1E3}.Release|Any CPU.Build.0 = Release|Any CPU
		{3DE43C28-EB03-441A-A01F-ED75A35BADC1}.Debug|Any CPU.ActiveCfg = Debug|Any CPU
		{3DE43C28-EB03-441A-A01F-ED75A35BADC1}.Debug|Any CPU.Build.0 = Debug|Any CPU
		{3DE43C28-EB03-441A-A01F-ED75A35BADC1}.Release|Any CPU.ActiveCfg = Release|Any CPU
		{3DE43C28-EB03-441A-A01F-ED75A35BADC1}.Release|Any CPU.Build.0 = Release|Any CPU
		{088F2E72-8409-450E-B163-884FA252EFD4}.Debug|Any CPU.ActiveCfg = Debug|Any CPU
		{088F2E72-8409-450E-B163-884FA252EFD4}.Debug|Any CPU.Build.0 = Debug|Any CPU
		{088F2E72-8409-450E-B163-884FA252EFD4}.Release|Any CPU.ActiveCfg = Release|Any CPU
		{088F2E72-8409-450E-B163-884FA252EFD4}.Release|Any CPU.Build.0 = Release|Any CPU
		{FBF7DB30-884A-4BF3-AC0C-96B667BD1A48}.Debug|Any CPU.ActiveCfg = Debug|Any CPU
		{FBF7DB30-884A-4BF3-AC0C-96B667BD1A48}.Debug|Any CPU.Build.0 = Debug|Any CPU
		{FBF7DB30-884A-4BF3-AC0C-96B667BD1A48}.Release|Any CPU.ActiveCfg = Release|Any CPU
		{FBF7DB30-884A-4BF3-AC0C-96B667BD1A48}.Release|Any CPU.Build.0 = Release|Any CPU
		{04E1A671-6085-4D83-847A-12631DB4AB93}.Debug|Any CPU.ActiveCfg = Debug|Any CPU
		{04E1A671-6085-4D83-847A-12631DB4AB93}.Debug|Any CPU.Build.0 = Debug|Any CPU
		{04E1A671-6085-4D83-847A-12631DB4AB93}.Release|Any CPU.ActiveCfg = Release|Any CPU
		{04E1A671-6085-4D83-847A-12631DB4AB93}.Release|Any CPU.Build.0 = Release|Any CPU
		{08097FE8-EFF9-4B53-93B4-34246C92928B}.Debug|Any CPU.ActiveCfg = Debug|Any CPU
		{08097FE8-EFF9-4B53-93B4-34246C92928B}.Debug|Any CPU.Build.0 = Debug|Any CPU
		{08097FE8-EFF9-4B53-93B4-34246C92928B}.Release|Any CPU.ActiveCfg = Release|Any CPU
		{08097FE8-EFF9-4B53-93B4-34246C92928B}.Release|Any CPU.Build.0 = Release|Any CPU
		{895E1BB2-C148-4263-865D-DF3A2AD73A6D}.Debug|Any CPU.ActiveCfg = Debug|Any CPU
		{895E1BB2-C148-4263-865D-DF3A2AD73A6D}.Debug|Any CPU.Build.0 = Debug|Any CPU
		{895E1BB2-C148-4263-865D-DF3A2AD73A6D}.Release|Any CPU.ActiveCfg = Release|Any CPU
		{895E1BB2-C148-4263-865D-DF3A2AD73A6D}.Release|Any CPU.Build.0 = Release|Any CPU
		{63CF6279-4C77-43D3-8886-B505196F9CCE}.Debug|Any CPU.ActiveCfg = Debug|Any CPU
		{63CF6279-4C77-43D3-8886-B505196F9CCE}.Debug|Any CPU.Build.0 = Debug|Any CPU
		{63CF6279-4C77-43D3-8886-B505196F9CCE}.Release|Any CPU.ActiveCfg = Release|Any CPU
		{63CF6279-4C77-43D3-8886-B505196F9CCE}.Release|Any CPU.Build.0 = Release|Any CPU
		{A31F455F-B02E-4F84-82E2-B460B980A3F7}.Debug|Any CPU.ActiveCfg = Debug|Any CPU
		{A31F455F-B02E-4F84-82E2-B460B980A3F7}.Debug|Any CPU.Build.0 = Debug|Any CPU
		{A31F455F-B02E-4F84-82E2-B460B980A3F7}.Release|Any CPU.ActiveCfg = Release|Any CPU
		{A31F455F-B02E-4F84-82E2-B460B980A3F7}.Release|Any CPU.Build.0 = Release|Any CPU
	EndGlobalSection
EndGlobal
